
Microsoft Visual Studio Solution File, Format Version 12.00
# Visual Studio Version 17
VisualStudioVersion = 17.12.35506.116 d17.12
MinimumVisualStudioVersion = 10.0.40219.1
Project("{FAE04EC0-301F-11D3-BF4B-00C04F79EFBC}") = "KasaSklepowa", "KasaSklepowa\KasaSklepowa.csproj", "{A68A4CFE-C9A2-440A-AECF-165FC9DBC8D0}"
EndProject
Project("{FAE04EC0-301F-11D3-BF4B-00C04F79EFBC}") = "Bank", "Bank\Bank.csproj", "{4637BB8B-C293-4062-8C15-49AA38D18B49}"
EndProject
Project("{FAE04EC0-301F-11D3-BF4B-00C04F79EFBC}") = "ZgadnijNumer", "ZgadnijNumer\ZgadnijNumer.csproj", "{6B56A1D1-59F4-4342-803D-54C4514CA85E}"
EndProject
Global
	GlobalSection(SolutionConfigurationPlatforms) = preSolution
		Debug|Any CPU = Debug|Any CPU
		Release|Any CPU = Release|Any CPU
	EndGlobalSection
	GlobalSection(ProjectConfigurationPlatforms) = postSolution
		{A68A4CFE-C9A2-440A-AECF-165FC9DBC8D0}.Debug|Any CPU.ActiveCfg = Debug|Any CPU
		{A68A4CFE-C9A2-440A-AECF-165FC9DBC8D0}.Debug|Any CPU.Build.0 = Debug|Any CPU
		{A68A4CFE-C9A2-440A-AECF-165FC9DBC8D0}.Release|Any CPU.ActiveCfg = Release|Any CPU
		{A68A4CFE-C9A2-440A-AECF-165FC9DBC8D0}.Release|Any CPU.Build.0 = Release|Any CPU
		{4637BB8B-C293-4062-8C15-49AA38D18B49}.Debug|Any CPU.ActiveCfg = Debug|Any CPU
		{4637BB8B-C293-4062-8C15-49AA38D18B49}.Debug|Any CPU.Build.0 = Debug|Any CPU
		{4637BB8B-C293-4062-8C15-49AA38D18B49}.Release|Any CPU.ActiveCfg = Release|Any CPU
		{4637BB8B-C293-4062-8C15-49AA38D18B49}.Release|Any CPU.Build.0 = Release|Any CPU
		{6B56A1D1-59F4-4342-803D-54C4514CA85E}.Debug|Any CPU.ActiveCfg = Debug|Any CPU
		{6B56A1D1-59F4-4342-803D-54C4514CA85E}.Debug|Any CPU.Build.0 = Debug|Any CPU
		{6B56A1D1-59F4-4342-803D-54C4514CA85E}.Release|Any CPU.ActiveCfg = Release|Any CPU
		{6B56A1D1-59F4-4342-803D-54C4514CA85E}.Release|Any CPU.Build.0 = Release|Any CPU
	EndGlobalSection
	GlobalSection(SolutionProperties) = preSolution
		HideSolutionNode = FALSE
	EndGlobalSection
EndGlobal
